
Microsoft Visual Studio Solution File, Format Version 12.00
# Visual Studio 15
Project("{FAE04EC0-301F-11D3-BF4B-00C04F79EFBC}") = "NET-Core-ASP-API", "NET-Core-ASP-API\NET-Core-ASP-API.csproj", "{9FCF9899-67D8-41EB-A810-22F3014F7D88}"
EndProject
Project("{2150E333-8FDC-42A3-9474-1A3956D46DE8}") = "Solution Items", "Solution Items", "{EB32BA25-6FD2-4D67-9F4F-C5068DD0F576}"
	ProjectSection(SolutionItems) = preProject
		README.md = README.md
	EndProjectSection
EndProject
Project("{FAE04EC0-301F-11D3-BF4B-00C04F79EFBC}") = "NET-Core-ASP-API.Tests", "NET-Core-ASP-API.Tests\NET-Core-ASP-API.Tests.csproj", "{6B039F65-48D4-4E29-BC30-80E6D3F6CEFA}"
EndProject
Global
	GlobalSection(SolutionConfigurationPlatforms) = preSolution
		Debug|Any CPU = Debug|Any CPU
		Release|Any CPU = Release|Any CPU
	EndGlobalSection
	GlobalSection(ProjectConfigurationPlatforms) = postSolution
		{9FCF9899-67D8-41EB-A810-22F3014F7D88}.Debug|Any CPU.ActiveCfg = Debug|Any CPU
		{9FCF9899-67D8-41EB-A810-22F3014F7D88}.Debug|Any CPU.Build.0 = Debug|Any CPU
		{9FCF9899-67D8-41EB-A810-22F3014F7D88}.Release|Any CPU.ActiveCfg = Release|Any CPU
		{9FCF9899-67D8-41EB-A810-22F3014F7D88}.Release|Any CPU.Build.0 = Release|Any CPU
		{6B039F65-48D4-4E29-BC30-80E6D3F6CEFA}.Debug|Any CPU.ActiveCfg = Debug|Any CPU
		{6B039F65-48D4-4E29-BC30-80E6D3F6CEFA}.Debug|Any CPU.Build.0 = Debug|Any CPU
		{6B039F65-48D4-4E29-BC30-80E6D3F6CEFA}.Release|Any CPU.ActiveCfg = Release|Any CPU
		{6B039F65-48D4-4E29-BC30-80E6D3F6CEFA}.Release|Any CPU.Build.0 = Release|Any CPU
	EndGlobalSection
EndGlobal
